
Microsoft Visual Studio Solution File, Format Version 12.00
# Visual Studio 15
VisualStudioVersion = 15.0.34031.82
MinimumVisualStudioVersion = 10.0.40219.1
Project("{FAE04EC0-301F-11D3-BF4B-00C04F79EFBC}") = "TimVidRomGen", "TimVidRomGen\TimVidRomGen.csproj", "{63640327-CAD1-47D2-841A-1CFAC8CC1B53}"
EndProject
Global
	GlobalSection(SolutionConfigurationPlatforms) = preSolution
		Debug|Any CPU = Debug|Any CPU
		Release|Any CPU = Release|Any CPU
	EndGlobalSection
	GlobalSection(ProjectConfigurationPlatforms) = postSolution
		{63640327-CAD1-47D2-841A-1CFAC8CC1B53}.Debug|Any CPU.ActiveCfg = Debug|Any CPU
		{63640327-CAD1-47D2-841A-1CFAC8CC1B53}.Debug|Any CPU.Build.0 = Debug|Any CPU
		{63640327-CAD1-47D2-841A-1CFAC8CC1B53}.Release|Any CPU.ActiveCfg = Release|Any CPU
		{63640327-CAD1-47D2-841A-1CFAC8CC1B53}.Release|Any CPU.Build.0 = Release|Any CPU
	EndGlobalSection
	GlobalSection(SolutionProperties) = preSolution
		HideSolutionNode = FALSE
	EndGlobalSection
	GlobalSection(ExtensibilityGlobals) = postSolution
		SolutionGuid = {AC1FD64B-64D3-430F-8477-B4ABE02E784B}
	EndGlobalSection
EndGlobal
