
Microsoft Visual Studio Solution File, Format Version 12.00
# Visual Studio 15
VisualStudioVersion = 15.0.28307.1231
MinimumVisualStudioVersion = 10.0.40219.1
Project("{FAE04EC0-301F-11D3-BF4B-00C04F79EFBC}") = "Img2Tim", "Img2Tim\Img2Tim.csproj", "{98B86695-B6F6-4CE6-8ED4-770666CE0D62}"
EndProject
Global
	GlobalSection(SolutionConfigurationPlatforms) = preSolution
		Debug|Any CPU = Debug|Any CPU
		Release|Any CPU = Release|Any CPU
	EndGlobalSection
	GlobalSection(ProjectConfigurationPlatforms) = postSolution
		{98B86695-B6F6-4CE6-8ED4-770666CE0D62}.Debug|Any CPU.ActiveCfg = Debug|Any CPU
		{98B86695-B6F6-4CE6-8ED4-770666CE0D62}.Debug|Any CPU.Build.0 = Debug|Any CPU
		{98B86695-B6F6-4CE6-8ED4-770666CE0D62}.Release|Any CPU.ActiveCfg = Release|Any CPU
		{98B86695-B6F6-4CE6-8ED4-770666CE0D62}.Release|Any CPU.Build.0 = Release|Any CPU
	EndGlobalSection
	GlobalSection(SolutionProperties) = preSolution
		HideSolutionNode = FALSE
	EndGlobalSection
	GlobalSection(ExtensibilityGlobals) = postSolution
		SolutionGuid = {C4D2ABD1-199D-4C9A-86F9-51544150BC7B}
	EndGlobalSection
EndGlobal
